# This file is automatically @generated by Cargo.                                                                                                                                                                  
# It is not intended for manual editing.                                                                                                                                                                           
version = 3

[[package]]                                                                                                                                                                                                        
name = "bitflags"                                                                                                                                                                                                  
version = "2.9.0"                                                                                                                                                                                                  
source = "registry+https://github.com/rust-lang/crates.io-index"                                                                                                                                                   
checksum = "5c8214115b7bf84099f1309324e63141d4c5d7cc26862f97a0a857dbefe165bd"                                                                                                                                      
                                                                                                                                                                                                                   
[[package]]                                                                                                                                                                                                        
name = "cfg-if"                                                                                                                                                                                                    
version = "1.0.0"                                                                                                                                                                                                  
source = "registry+https://github.com/rust-lang/crates.io-index"                                                                                                                                                   
checksum = "baf1de4339761588bc0619e3cbc0120ee582ebb74b53b4efbf79117bd2da40fd"                                                                                                                                      
                                                                                                                                                                                                                   
[[package]]                                                                                                                                                                                                        
name = "equivalent"                                                                                                                                                                                                
version = "1.0.2"                                                                                                                                                                                                  
source = "registry+https://github.com/rust-lang/crates.io-index"                                                                                                                                                   
checksum = "877a4ace8713b0bcf2a4e7eec82529c029f1d0619886d18145fea96c3ffe5c0f" 

[[package]]                                                                                                                                                                                                        
name = "gpio-cdev"                                                                                                                                                                                                 
version = "0.6.0"                                                                                                                                                                                                  
source = "registry+https://github.com/rust-lang/crates.io-index"                                                                                                                                                   
checksum = "09831ec59b80be69e75d29cf36e16afbbe5fd1af9c1bf4689ad91c77db5aa6a6"                                                                                                                                      
dependencies = [                                                                                                                                                                                                   
 "bitflags",                                                                                                                                                                                                       
 "libc",                                                                                                                                                                                                           
 "nix",                                                                                                                                                                                                            
]                                                                                                                                                                                                                  
                                                                                                                                                                                                                   
[[package]]                                                                                                                                                                                                        
name = "hashbrown"                                                                                                                                                                                                 
version = "0.15.2"                                                                                                                                                                                                 
source = "registry+https://github.com/rust-lang/crates.io-index"                                                                                                                                                   
checksum = "bf151400ff0baff5465007dd2f3e717f3fe502074ca563069ce3a6629d07b289"

[[package]]                                                                                                                                                                                                        
name = "indexmap"                                                                                                                                                                                                  
version = "2.7.1"                                                                                                                                                                                                  
source = "registry+https://github.com/rust-lang/crates.io-index"                                                                                                                                                   
checksum = "8c9c992b02b5b4c94ea26e32fe5bccb7aa7d9f390ab5c1221ff895bc7ea8b652"                                                                                                                                      
dependencies = [                                                                                                                                                                                                   
 "equivalent",                                                                                                                                                                                                     
 "hashbrown",                                                                                                                                                                                                      
]                                                                                                                                                                                                                  
                                                                                                                                                                                                                   
[[package]]                                                                                                                                                                                                        
name = "itoa"                                                                                                                                                                                                      
version = "1.0.15"                                                                                                                                                                                                 
source = "registry+https://github.com/rust-lang/crates.io-index"                                                                                                                                                   
checksum = "4a5f13b858c8d314ee3e8f639011f7ccefe71f97f96e50151fb991f267928e2c"

[[package]]                                                                                                                                                                                                        
name = "libc"                                                                                                                                                                                                      
version = "0.2.170"                                                                                                                                                                                                
source = "registry+https://github.com/rust-lang/crates.io-index"                                                                                                                                                   
checksum = "875b3680cb2f8f71bdcf9a30f38d48282f5d3c95cbf9b3fa57269bb5d5c06828"                                                                                                                                      
                                                                                                                                                                                                                   
[[package]]                                                                                                                                                                                                        
name = "motion-sensor"                                                                                                                                                                                             
version = "0.1.0"                                                                                                                                                                                                  
dependencies = [                                                                                                                                                                                                   
 "gpio-cdev",                                                                                                                                                                                                      
 "serde",                                                                                                                                                                                                          
 "serde_yaml",                                                                                                                                                                                                     
] 

[[package]]                                                                                                                                                                                                        
name = "nix"                                                                                                                                                                                                       
version = "0.27.1"                                                                                                                                                                                                 
source = "registry+https://github.com/rust-lang/crates.io-index"                                                                                                                                                   
checksum = "2eb04e9c688eff1c89d72b407f168cf79bb9e867a9d3323ed6c01519eb9cc053"                                                                                                                                      
dependencies = [                                                                                                                                                                                                   
 "bitflags",                                                                                                                                                                                                       
 "cfg-if",                                                                                                                                                                                                         
 "libc",                                                                                                                                                                                                           
] 

[[package]]                                                                                                                                                                                                        
name = "proc-macro2"                                                                                                                                                                                               
version = "1.0.94"                                                                                                                                                                                                 
source = "registry+https://github.com/rust-lang/crates.io-index"                                                                                                                                                   
checksum = "a31971752e70b8b2686d7e46ec17fb38dad4051d94024c88df49b667caea9c84"                                                                                                                                      
dependencies = [                                                                                                                                                                                                   
 "unicode-ident",                                                                                                                                                                                                  
]                                                                                                                                                                                                                  
                                                                                                                                                                                                                   
[[package]]                                                                                                                                                                                                        
name = "quote"                                                                                                                                                                                                     
version = "1.0.39"                                                                                                                                                                                                 
source = "registry+https://github.com/rust-lang/crates.io-index"                                                                                                                                                   
checksum = "c1f1914ce909e1658d9907913b4b91947430c7d9be598b15a1912935b8c04801"                                                                                                                                      
dependencies = [                                                                                                                                                                                                   
 "proc-macro2",                                                                                                                                                                                                    
] 

[[package]]                                                                                                                                                                                                        
name = "ryu"                                                                                                                                                                                                       
version = "1.0.20"                                                                                                                                                                                                 
source = "registry+https://github.com/rust-lang/crates.io-index"                                                                                                                                                   
checksum = "28d3b2b1366ec20994f1fd18c3c594f05c5dd4bc44d8bb0c1c632c8d6829481f"                                                                                                                                      
                                                                                                                                                                                                                   
[[package]]                                                                                                                                                                                                        
name = "serde"                                                                                                                                                                                                     
version = "1.0.218"                                                                                                                                                                                                
source = "registry+https://github.com/rust-lang/crates.io-index"                                                                                                                                                   
checksum = "e8dfc9d19bdbf6d17e22319da49161d5d0108e4188e8b680aef6299eed22df60"                                                                                                                                      
dependencies = [                                                                                                                                                                                                   
 "serde_derive",                                                                                                                                                                                                   
] 

[[package]]                                                                                                                                                                                                        
name = "serde_derive"                                                                                                                                                                                              
version = "1.0.218"                                                                                                                                                                                                
source = "registry+https://github.com/rust-lang/crates.io-index"                                                                                                                                                   
checksum = "f09503e191f4e797cb8aac08e9a4a4695c5edf6a2e70e376d961ddd5c969f82b"                                                                                                                                      
dependencies = [                                                                                                                                                                                                   
 "proc-macro2",                                                                                                                                                                                                    
 "quote",                                                                                                                                                                                                          
 "syn",                                                                                                                                                                                                            
]

[[package]]                                                                                                                                                                                                        
name = "serde_yaml"                                                                                                                                                                                                
version = "0.9.34+deprecated"                                                                                                                                                                                      
source = "registry+https://github.com/rust-lang/crates.io-index"                                                                                                                                                   
checksum = "6a8b1a1a2ebf674015cc02edccce75287f1a0130d394307b36743c2f5d504b47"                                                                                                                                      
dependencies = [                                                                                                                                                                                                   
 "indexmap",                                                                                                                                                                                                       
 "itoa",                                                                                                                                                                                                           
 "ryu",                                                                                                                                                                                                            
 "serde",                                                                                                                                                                                                          
 "unsafe-libyaml",                                                                                                                                                                                                 
]

[[package]]                                                                                                                                                                                                        
name = "syn"                                                                                                                                                                                                       
version = "2.0.99"                                                                                                                                                                                                 
source = "registry+https://github.com/rust-lang/crates.io-index"                                                                                                                                                   
checksum = "e02e925281e18ffd9d640e234264753c43edc62d64b2d4cf898f1bc5e75f3fc2"                                                                                                                                      
dependencies = [
 "proc-macro2",
 "quote",
 "unicode-ident",
]

[[package]]
name = "unicode-ident"
version = "1.0.18"
source = "registry+https://github.com/rust-lang/crates.io-index"
checksum = "5a5f39404a5da50712a4c1eecf25e90dd62b613502b7e925fd4e4d19b5c96512"

[[package]]
name = "unsafe-libyaml"
version = "0.2.11"
source = "registry+https://github.com/rust-lang/crates.io-index"
checksum = "673aac59facbab8a9007c7f6108d11f63b603f7cabff99fabf650fea5c32b861"
